
Microsoft Visual Studio Solution File, Format Version 12.00
# Visual Studio Version 17
VisualStudioVersion = 17.14.36717.8 d17.14
MinimumVisualStudioVersion = 10.0.40219.1
Project("{FAE04EC0-301F-11D3-BF4B-00C04F79EFBC}") = "EFCoreLINQDemoV2", "EFCoreLINQDemoV2\EFCoreLINQDemoV2.csproj", "{8E72A184-7C32-4EEE-B90A-6621418ABEF5}"
EndProject
Global
	GlobalSection(SolutionConfigurationPlatforms) = preSolution
		Debug|Any CPU = Debug|Any CPU
		Release|Any CPU = Release|Any CPU
	EndGlobalSection
	GlobalSection(ProjectConfigurationPlatforms) = postSolution
		{8E72A184-7C32-4EEE-B90A-6621418ABEF5}.Debug|Any CPU.ActiveCfg = Debug|Any CPU
		{8E72A184-7C32-4EEE-B90A-6621418ABEF5}.Debug|Any CPU.Build.0 = Debug|Any CPU
		{8E72A184-7C32-4EEE-B90A-6621418ABEF5}.Release|Any CPU.ActiveCfg = Release|Any CPU
		{8E72A184-7C32-4EEE-B90A-6621418ABEF5}.Release|Any CPU.Build.0 = Release|Any CPU
	EndGlobalSection
	GlobalSection(SolutionProperties) = preSolution
		HideSolutionNode = FALSE
	EndGlobalSection
	GlobalSection(ExtensibilityGlobals) = postSolution
		SolutionGuid = {10CC8595-5C4B-45DF-B487-3B303B7BDE27}
	EndGlobalSection
EndGlobal
